
Microsoft Visual Studio Solution File, Format Version 12.00
# Visual Studio Version 17
VisualStudioVersion = 17.5.33414.496
MinimumVisualStudioVersion = 10.0.40219.1
Project("{FAE04EC0-301F-11D3-BF4B-00C04F79EFBC}") = "OracleWeb", "OracleWeb\OracleWeb.csproj", "{EEB42DC2-3B0E-4491-AF8A-87B87A48F0EC}"
EndProject
Global
	GlobalSection(SolutionConfigurationPlatforms) = preSolution
		Debug|Any CPU = Debug|Any CPU
		Release|Any CPU = Release|Any CPU
	EndGlobalSection
	GlobalSection(ProjectConfigurationPlatforms) = postSolution
		{EEB42DC2-3B0E-4491-AF8A-87B87A48F0EC}.Debug|Any CPU.ActiveCfg = Debug|Any CPU
		{EEB42DC2-3B0E-4491-AF8A-87B87A48F0EC}.Debug|Any CPU.Build.0 = Debug|Any CPU
		{EEB42DC2-3B0E-4491-AF8A-87B87A48F0EC}.Release|Any CPU.ActiveCfg = Release|Any CPU
		{EEB42DC2-3B0E-4491-AF8A-87B87A48F0EC}.Release|Any CPU.Build.0 = Release|Any CPU
	EndGlobalSection
	GlobalSection(SolutionProperties) = preSolution
		HideSolutionNode = FALSE
	EndGlobalSection
	GlobalSection(ExtensibilityGlobals) = postSolution
		SolutionGuid = {DB98ED40-7B47-400B-9169-C7A3CBD7EB35}
	EndGlobalSection
EndGlobal
